// !$*UTF8*$!
{
	archiveVersion = 1;
	classes = {
	};
	objectVersion = 46;
	objects = {

/* Begin PBXBuildFile section */
		121E54FB1889ECE60056EB97 /* Foundation.framework in Frameworks */ = {isa = PBXBuildFile; fileRef = 121E54FA1889ECE60056EB97 /* Foundation.framework */; };
		121E54FD1889ECE60056EB97 /* CoreGraphics.framework in Frameworks */ = {isa = PBXBuildFile; fileRef = 121E54FC1889ECE60056EB97 /* CoreGraphics.framework */; };
		121E54FF1889ECE60056EB97 /* UIKit.framework in Frameworks */ = {isa = PBXBuildFile; fileRef = 121E54FE1889ECE60056EB97 /* UIKit.framework */; };
		121E55051889ECE60056EB97 /* InfoPlist.strings in Resources */ = {isa = PBXBuildFile; fileRef = 121E55031889ECE60056EB97 /* InfoPlist.strings */; };
		121E55071889ECE60056EB97 /* main.m in Sources */ = {isa = PBXBuildFile; fileRef = 121E55061889ECE60056EB97 /* main.m */; };
		121E550B1889ECE60056EB97 /* Week2_WebBrowser_InClass_Sp14AppDelegate.m in Sources */ = {isa = PBXBuildFile; fileRef = 121E550A1889ECE60056EB97 /* Week2_WebBrowser_InClass_Sp14AppDelegate.m */; };
		121E550E1889ECE60056EB97 /* Main.storyboard in Resources */ = {isa = PBXBuildFile; fileRef = 121E550C1889ECE60056EB97 /* Main.storyboard */; };
		121E55111889ECE60056EB97 /* Week2_WebBrowser_InClass_Sp14ViewController.m in Sources */ = {isa = PBXBuildFile; fileRef = 121E55101889ECE60056EB97 /* Week2_WebBrowser_InClass_Sp14ViewController.m */; };
		121E55131889ECE60056EB97 /* Images.xcassets in Resources */ = {isa = PBXBuildFile; fileRef = 121E55121889ECE60056EB97 /* Images.xcassets */; };
		121E551A1889ECE60056EB97 /* XCTest.framework in Frameworks */ = {isa = PBXBuildFile; fileRef = 121E55191889ECE60056EB97 /* XCTest.framework */; };
		121E551B1889ECE60056EB97 /* Foundation.framework in Frameworks */ = {isa = PBXBuildFile; fileRef = 121E54FA1889ECE60056EB97 /* Foundation.framework */; };
		121E551C1889ECE60056EB97 /* UIKit.framework in Frameworks */ = {isa = PBXBuildFile; fileRef = 121E54FE1889ECE60056EB97 /* UIKit.framework */; };
		121E55241889ECE60056EB97 /* InfoPlist.strings in Resources */ = {isa = PBXBuildFile; fileRef = 121E55221889ECE60056EB97 /* InfoPlist.strings */; };
		121E55261889ECE60056EB97 /* Week2_WebBrowser_InClass_Sp14Tests.m in Sources */ = {isa = PBXBuildFile; fileRef = 121E55251889ECE60056EB97 /* Week2_WebBrowser_InClass_Sp14Tests.m */; };
/* End PBXBuildFile section */

/* Begin PBXContainerItemProxy section */
		121E551D1889ECE60056EB97 /* PBXContainerItemProxy */ = {
			isa = PBXContainerItemProxy;
			containerPortal = 121E54EF1889ECE60056EB97 /* Project object */;
			proxyType = 1;
			remoteGlobalIDString = 121E54F61889ECE60056EB97;
			remoteInfo = "Week2 WebBrowser InClass Sp14";
		};
/* End PBXContainerItemProxy section */

/* Begin PBXFileReference section */
		121E54F71889ECE60056EB97 /* Week2 WebBrowser InClass Sp14.app */ = {isa = PBXFileReference; explicitFileType = wrapper.application; includeInIndex = 0; path = "Week2 WebBrowser InClass Sp14.app"; sourceTree = BUILT_PRODUCTS_DIR; };
		121E54FA1889ECE60056EB97 /* Foundation.framework */ = {isa = PBXFileReference; lastKnownFileType = wrapper.framework; name = Foundation.framework; path = System/Library/Frameworks/Foundation.framework; sourceTree = SDKROOT; };
		121E54FC1889ECE60056EB97 /* CoreGraphics.framework */ = {isa = PBXFileReference; lastKnownFileType = wrapper.framework; name = CoreGraphics.framework; path = System/Library/Frameworks/CoreGraphics.framework; sourceTree = SDKROOT; };
		121E54FE1889ECE60056EB97 /* UIKit.framework */ = {isa = PBXFileReference; lastKnownFileType = wrapper.framework; name = UIKit.framework; path = System/Library/Frameworks/UIKit.framework; sourceTree = SDKROOT; };
		121E55021889ECE60056EB97 /* Week2 WebBrowser InClass Sp14-Info.plist */ = {isa = PBXFileReference; lastKnownFileType = text.plist.xml; path = "Week2 WebBrowser InClass Sp14-Info.plist"; sourceTree = "<group>"; };
		121E55041889ECE60056EB97 /* en */ = {isa = PBXFileReference; lastKnownFileType = text.plist.strings; name = en; path = en.lproj/InfoPlist.strings; sourceTree = "<group>"; };
		121E55061889ECE60056EB97 /* main.m */ = {isa = PBXFileReference; lastKnownFileType = sourcecode.c.objc; path = main.m; sourceTree = "<group>"; };
		121E55081889ECE60056EB97 /* Week2 WebBrowser InClass Sp14-Prefix.pch */ = {isa = PBXFileReference; lastKnownFileType = sourcecode.c.h; path = "Week2 WebBrowser InClass Sp14-Prefix.pch"; sourceTree = "<group>"; };
		121E55091889ECE60056EB97 /* Week2_WebBrowser_InClass_Sp14AppDelegate.h */ = {isa = PBXFileReference; lastKnownFileType = sourcecode.c.h; path = Week2_WebBrowser_InClass_Sp14AppDelegate.h; sourceTree = "<group>"; };
		121E550A1889ECE60056EB97 /* Week2_WebBrowser_InClass_Sp14AppDelegate.m */ = {isa = PBXFileReference; lastKnownFileType = sourcecode.c.objc; path = Week2_WebBrowser_InClass_Sp14AppDelegate.m; sourceTree = "<group>"; };
		121E550D1889ECE60056EB97 /* Base */ = {isa = PBXFileReference; lastKnownFileType = file.storyboard; name = Base; path = Base.lproj/Main.storyboard; sourceTree = "<group>"; };
		121E550F1889ECE60056EB97 /* Week2_WebBrowser_InClass_Sp14ViewController.h */ = {isa = PBXFileReference; lastKnownFileType = sourcecode.c.h; path = Week2_WebBrowser_InClass_Sp14ViewController.h; sourceTree = "<group>"; };
		121E55101889ECE60056EB97 /* Week2_WebBrowser_InClass_Sp14ViewController.m */ = {isa = PBXFileReference; lastKnownFileType = sourcecode.c.objc; path = Week2_WebBrowser_InClass_Sp14ViewController.m; sourceTree = "<group>"; };
		121E55121889ECE60056EB97 /* Images.xcassets */ = {isa = PBXFileReference; lastKnownFileType = folder.assetcatalog; path = Images.xcassets; sourceTree = "<group>"; };
		121E55181889ECE60056EB97 /* Week2 WebBrowser InClass Sp14Tests.xctest */ = {isa = PBXFileReference; explicitFileType = wrapper.cfbundle; includeInIndex = 0; path = "Week2 WebBrowser InClass Sp14Tests.xctest"; sourceTree = BUILT_PRODUCTS_DIR; };
		121E55191889ECE60056EB97 /* XCTest.framework */ = {isa = PBXFileReference; lastKnownFileType = wrapper.framework; name = XCTest.framework; path = Library/Frameworks/XCTest.framework; sourceTree = DEVELOPER_DIR; };
		121E55211889ECE60056EB97 /* Week2 WebBrowser InClass Sp14Tests-Info.plist */ = {isa = PBXFileReference; lastKnownFileType = text.plist.xml; path = "Week2 WebBrowser InClass Sp14Tests-Info.plist"; sourceTree = "<group>"; };
		121E55231889ECE60056EB97 /* en */ = {isa = PBXFileReference; lastKnownFileType = text.plist.strings; name = en; path = en.lproj/InfoPlist.strings; sourceTree = "<group>"; };
		121E55251889ECE60056EB97 /* Week2_WebBrowser_InClass_Sp14Tests.m */ = {isa = PBXFileReference; lastKnownFileType = sourcecode.c.objc; path = Week2_WebBrowser_InClass_Sp14Tests.m; sourceTree = "<group>"; };
/* End PBXFileReference section */

/* Begin PBXFrameworksBuildPhase section */
		121E54F41889ECE60056EB97 /* Frameworks */ = {
			isa = PBXFrameworksBuildPhase;
			buildActionMask = 2147483647;
			files = (
				121E54FD1889ECE60056EB97 /* CoreGraphics.framework in Frameworks */,
				121E54FF1889ECE60056EB97 /* UIKit.framework in Frameworks */,
				121E54FB1889ECE60056EB97 /* Foundation.framework in Frameworks */,
			);
			runOnlyForDeploymentPostprocessing = 0;
		};
		121E55151889ECE60056EB97 /* Frameworks */ = {
			isa = PBXFrameworksBuildPhase;
			buildActionMask = 2147483647;
			files = (
				121E551A1889ECE60056EB97 /* XCTest.framework in Frameworks */,
				121E551C1889ECE60056EB97 /* UIKit.framework in Frameworks */,
				121E551B1889ECE60056EB97 /* Foundation.framework in Frameworks */,
			);
			runOnlyForDeploymentPostprocessing = 0;
		};
/* End PBXFrameworksBuildPhase section */

/* Begin PBXGroup section */
		121E54EE1889ECE60056EB97 = {
			isa = PBXGroup;
			children = (
				121E55001889ECE60056EB97 /* Week2 WebBrowser InClass Sp14 */,
				121E551F1889ECE60056EB97 /* Week2 WebBrowser InClass Sp14Tests */,
				121E54F91889ECE60056EB97 /* Frameworks */,
				121E54F81889ECE60056EB97 /* Products */,
			);
			sourceTree = "<group>";
		};
		121E54F81889ECE60056EB97 /* Products */ = {
			isa = PBXGroup;
			children = (
				121E54F71889ECE60056EB97 /* Week2 WebBrowser InClass Sp14.app */,
				121E55181889ECE60056EB97 /* Week2 WebBrowser InClass Sp14Tests.xctest */,
			);
			name = Products;
			sourceTree = "<group>";
		};
		121E54F91889ECE60056EB97 /* Frameworks */ = {
			isa = PBXGroup;
			children = (
				121E54FA1889ECE60056EB97 /* Foundation.framework */,
				121E54FC1889ECE60056EB97 /* CoreGraphics.framework */,
				121E54FE1889ECE60056EB97 /* UIKit.framework */,
				121E55191889ECE60056EB97 /* XCTest.framework */,
			);
			name = Frameworks;
			sourceTree = "<group>";
		};
		121E55001889ECE60056EB97 /* Week2 WebBrowser InClass Sp14 */ = {
			isa = PBXGroup;
			children = (
				121E55091889ECE60056EB97 /* Week2_WebBrowser_InClass_Sp14AppDelegate.h */,
				121E550A1889ECE60056EB97 /* Week2_WebBrowser_InClass_Sp14AppDelegate.m */,
				121E550C1889ECE60056EB97 /* Main.storyboard */,
				121E550F1889ECE60056EB97 /* Week2_WebBrowser_InClass_Sp14ViewController.h */,
				121E55101889ECE60056EB97 /* Week2_WebBrowser_InClass_Sp14ViewController.m */,
				121E55121889ECE60056EB97 /* Images.xcassets */,
				121E55011889ECE60056EB97 /* Supporting Files */,
			);
			path = "Week2 WebBrowser InClass Sp14";
			sourceTree = "<group>";
		};
		121E55011889ECE60056EB97 /* Supporting Files */ = {
			isa = PBXGroup;
			children = (
				121E55021889ECE60056EB97 /* Week2 WebBrowser InClass Sp14-Info.plist */,
				121E55031889ECE60056EB97 /* InfoPlist.strings */,
				121E55061889ECE60056EB97 /* main.m */,
				121E55081889ECE60056EB97 /* Week2 WebBrowser InClass Sp14-Prefix.pch */,
			);
			name = "Supporting Files";
			sourceTree = "<group>";
		};
		121E551F1889ECE60056EB97 /* Week2 WebBrowser InClass Sp14Tests */ = {
			isa = PBXGroup;
			children = (
				121E55251889ECE60056EB97 /* Week2_WebBrowser_InClass_Sp14Tests.m */,
				121E55201889ECE60056EB97 /* Supporting Files */,
			);
			path = "Week2 WebBrowser InClass Sp14Tests";
			sourceTree = "<group>";
		};
		121E55201889ECE60056EB97 /* Supporting Files */ = {
			isa = PBXGroup;
			children = (
				121E55211889ECE60056EB97 /* Week2 WebBrowser InClass Sp14Tests-Info.plist */,
				121E55221889ECE60056EB97 /* InfoPlist.strings */,
			);
			name = "Supporting Files";
			sourceTree = "<group>";
		};
/* End PBXGroup section */

/* Begin PBXNativeTarget section */
		121E54F61889ECE60056EB97 /* Week2 WebBrowser InClass Sp14 */ = {
			isa = PBXNativeTarget;
			buildConfigurationList = 121E55291889ECE60056EB97 /* Build configuration list for PBXNativeTarget "Week2 WebBrowser InClass Sp14" */;
			buildPhases = (
				121E54F31889ECE60056EB97 /* Sources */,
				121E54F41889ECE60056EB97 /* Frameworks */,
				121E54F51889ECE60056EB97 /* Resources */,
			);
			buildRules = (
			);
			dependencies = (
			);
			name = "Week2 WebBrowser InClass Sp14";
			productName = "Week2 WebBrowser InClass Sp14";
			productReference = 121E54F71889ECE60056EB97 /* Week2 WebBrowser InClass Sp14.app */;
			productType = "com.apple.product-type.application";
		};
		121E55171889ECE60056EB97 /* Week2 WebBrowser InClass Sp14Tests */ = {
			isa = PBXNativeTarget;
			buildConfigurationList = 121E552C1889ECE60056EB97 /* Build configuration list for PBXNativeTarget "Week2 WebBrowser InClass Sp14Tests" */;
			buildPhases = (
				121E55141889ECE60056EB97 /* Sources */,
				121E55151889ECE60056EB97 /* Frameworks */,
				121E55161889ECE60056EB97 /* Resources */,
			);
			buildRules = (
			);
			dependencies = (
				121E551E1889ECE60056EB97 /* PBXTargetDependency */,
			);
			name = "Week2 WebBrowser InClass Sp14Tests";
			productName = "Week2 WebBrowser InClass Sp14Tests";
			productReference = 121E55181889ECE60056EB97 /* Week2 WebBrowser InClass Sp14Tests.xctest */;
			productType = "com.apple.product-type.bundle.unit-test";
		};
/* End PBXNativeTarget section */

/* Begin PBXProject section */
		121E54EF1889ECE60056EB97 /* Project object */ = {
			isa = PBXProject;
			attributes = {
				CLASSPREFIX = "Week2 WebBrowser InClass Sp14";
				LastUpgradeCheck = 0500;
				ORGANIZATIONNAME = "Chuck Konkol";
				TargetAttributes = {
					121E55171889ECE60056EB97 = {
						TestTargetID = 121E54F61889ECE60056EB97;
					};
				};
			};
			buildConfigurationList = 121E54F21889ECE60056EB97 /* Build configuration list for PBXProject "Week2 WebBrowser InClass Sp14" */;
			compatibilityVersion = "Xcode 3.2";
			developmentRegion = English;
			hasScannedForEncodings = 0;
			knownRegions = (
				en,
				Base,
			);
			mainGroup = 121E54EE1889ECE60056EB97;
			productRefGroup = 121E54F81889ECE60056EB97 /* Products */;
			projectDirPath = "";
			projectRoot = "";
			targets = (
				121E54F61889ECE60056EB97 /* Week2 WebBrowser InClass Sp14 */,
				121E55171889ECE60056EB97 /* Week2 WebBrowser InClass Sp14Tests */,
			);
		};
/* End PBXProject section */

/* Begin PBXResourcesBuildPhase section */
		121E54F51889ECE60056EB97 /* Resources */ = {
			isa = PBXResourcesBuildPhase;
			buildActionMask = 2147483647;
			files = (
				121E55131889ECE60056EB97 /* Images.xcassets in Resources */,
				121E55051889ECE60056EB97 /* InfoPlist.strings in Resources */,
				121E550E1889ECE60056EB97 /* Main.storyboard in Resources */,
			);
			runOnlyForDeploymentPostprocessing = 0;
		};
		121E55161889ECE60056EB97 /* Resources */ = {
			isa = PBXResourcesBuildPhase;
			buildActionMask = 2147483647;
			files = (
				121E55241889ECE60056EB97 /* InfoPlist.strings in Resources */,
			);
			runOnlyForDeploymentPostprocessing = 0;
		};
/* End PBXResourcesBuildPhase section */

/* Begin PBXSourcesBuildPhase section */
		121E54F31889ECE60056EB97 /* Sources */ = {
			isa = PBXSourcesBuildPhase;
			buildActionMask = 2147483647;
			files = (
				121E55111889ECE60056EB97 /* Week2_WebBrowser_InClass_Sp14ViewController.m in Sources */,
				121E55071889ECE60056EB97 /* main.m in Sources */,
				121E550B1889ECE60056EB97 /* Week2_WebBrowser_InClass_Sp14AppDelegate.m in Sources */,
			);
			runOnlyForDeploymentPostprocessing = 0;
		};
		121E55141889ECE60056EB97 /* Sources */ = {
			isa = PBXSourcesBuildPhase;
			buildActionMask = 2147483647;
			files = (
				121E55261889ECE60056EB97 /* Week2_WebBrowser_InClass_Sp14Tests.m in Sources */,
			);
			runOnlyForDeploymentPostprocessing = 0;
		};
/* End PBXSourcesBuildPhase section */

/* Begin PBXTargetDependency section */
		121E551E1889ECE60056EB97 /* PBXTargetDependency */ = {
			isa = PBXTargetDependency;
			target = 121E54F61889ECE60056EB97 /* Week2 WebBrowser InClass Sp14 */;
			targetProxy = 121E551D1889ECE60056EB97 /* PBXContainerItemProxy */;
		};
/* End PBXTargetDependency section */

/* Begin PBXVariantGroup section */
		121E55031889ECE60056EB97 /* InfoPlist.strings */ = {
			isa = PBXVariantGroup;
			children = (
				121E55041889ECE60056EB97 /* en */,
			);
			name = InfoPlist.strings;
			sourceTree = "<group>";
		};
		121E550C1889ECE60056EB97 /* Main.storyboard */ = {
			isa = PBXVariantGroup;
			children = (
				121E550D1889ECE60056EB97 /* Base */,
			);
			name = Main.storyboard;
			sourceTree = "<group>";
		};
		121E55221889ECE60056EB97 /* InfoPlist.strings */ = {
			isa = PBXVariantGroup;
			children = (
				121E55231889ECE60056EB97 /* en */,
			);
			name = InfoPlist.strings;
			sourceTree = "<group>";
		};
/* End PBXVariantGroup section */

/* Begin XCBuildConfiguration section */
		121E55271889ECE60056EB97 /* Debug */ = {
			isa = XCBuildConfiguration;
			buildSettings = {
				ALWAYS_SEARCH_USER_PATHS = NO;
				ARCHS = "$(ARCHS_STANDARD_INCLUDING_64_BIT)";
				CLANG_CXX_LANGUAGE_STANDARD = "gnu++0x";
				CLANG_CXX_LIBRARY = "libc++";
				CLANG_ENABLE_MODULES = YES;
				CLANG_ENABLE_OBJC_ARC = YES;
				CLANG_WARN_BOOL_CONVERSION = YES;
				CLANG_WARN_CONSTANT_CONVERSION = YES;
				CLANG_WARN_DIRECT_OBJC_ISA_USAGE = YES_ERROR;
				CLANG_WARN_EMPTY_BODY = YES;
				CLANG_WARN_ENUM_CONVERSION = YES;
				CLANG_WARN_INT_CONVERSION = YES;
				CLANG_WARN_OBJC_ROOT_CLASS = YES_ERROR;
				CLANG_WARN__DUPLICATE_METHOD_MATCH = YES;
				"CODE_SIGN_IDENTITY[sdk=iphoneos*]" = "iPhone Developer";
				COPY_PHASE_STRIP = NO;
				GCC_C_LANGUAGE_STANDARD = gnu99;
				GCC_DYNAMIC_NO_PIC = NO;
				GCC_OPTIMIZATION_LEVEL = 0;
				GCC_PREPROCESSOR_DEFINITIONS = (
					"DEBUG=1",
					"$(inherited)",
				);
				GCC_SYMBOLS_PRIVATE_EXTERN = NO;
				GCC_WARN_64_TO_32_BIT_CONVERSION = YES;
				GCC_WARN_ABOUT_RETURN_TYPE = YES_ERROR;
				GCC_WARN_UNDECLARED_SELECTOR = YES;
				GCC_WARN_UNINITIALIZED_AUTOS = YES;
				GCC_WARN_UNUSED_FUNCTION = YES;
				GCC_WARN_UNUSED_VARIABLE = YES;
				IPHONEOS_DEPLOYMENT_TARGET = 7.0;
				ONLY_ACTIVE_ARCH = YES;
				SDKROOT = iphoneos;
			};
			name = Debug;
		};
		121E55281889ECE60056EB97 /* Release */ = {
			isa = XCBuildConfiguration;
			buildSettings = {
				ALWAYS_SEARCH_USER_PATHS = NO;
				ARCHS = "$(ARCHS_STANDARD_INCLUDING_64_BIT)";
				CLANG_CXX_LANGUAGE_STANDARD = "gnu++0x";
				CLANG_CXX_LIBRARY = "libc++";
				CLANG_ENABLE_MODULES = YES;
				CLANG_ENABLE_OBJC_ARC = YES;
				CLANG_WARN_BOOL_CONVERSION = YES;
				CLANG_WARN_CONSTANT_CONVERSION = YES;
				CLANG_WARN_DIRECT_OBJC_ISA_USAGE = YES_ERROR;
				CLANG_WARN_EMPTY_BODY = YES;
				CLANG_WARN_ENUM_CONVERSION = YES;
				CLANG_WARN_INT_CONVERSION = YES;
				CLANG_WARN_OBJC_ROOT_CLASS = YES_ERROR;
				CLANG_WARN__DUPLICATE_METHOD_MATCH = YES;
				"CODE_SIGN_IDENTITY[sdk=iphoneos*]" = "iPhone Developer";
				COPY_PHASE_STRIP = YES;
				ENABLE_NS_ASSERTIONS = NO;
				GCC_C_LANGUAGE_STANDARD = gnu99;
				GCC_WARN_64_TO_32_BIT_CONVERSION = YES;
				GCC_WARN_ABOUT_RETURN_TYPE = YES_ERROR;
				GCC_WARN_UNDECLARED_SELECTOR = YES;
				GCC_WARN_UNINITIALIZED_AUTOS = YES;
				GCC_WARN_UNUSED_FUNCTION = YES;
				GCC_WARN_UNUSED_VARIABLE = YES;
				IPHONEOS_DEPLOYMENT_TARGET = 7.0;
				SDKROOT = iphoneos;
				VALIDATE_PRODUCT = YES;
			};
			name = Release;
		};
		121E552A1889ECE60056EB97 /* Debug */ = {
			isa = XCBuildConfiguration;
			buildSettings = {
				ASSETCATALOG_COMPILER_APPICON_NAME = AppIcon;
				ASSETCATALOG_COMPILER_LAUNCHIMAGE_NAME = LaunchImage;
				GCC_PRECOMPILE_PREFIX_HEADER = YES;
				GCC_PREFIX_HEADER = "Week2 WebBrowser InClass Sp14/Week2 WebBrowser InClass Sp14-Prefix.pch";
				INFOPLIST_FILE = "Week2 WebBrowser InClass Sp14/Week2 WebBrowser InClass Sp14-Info.plist";
				PRODUCT_NAME = "$(TARGET_NAME)";
				WRAPPER_EXTENSION = app;
			};
			name = Debug;
		};
		121E552B1889ECE60056EB97 /* Release */ = {
			isa = XCBuildConfiguration;
			buildSettings = {
				ASSETCATALOG_COMPILER_APPICON_NAME = AppIcon;
				ASSETCATALOG_COMPILER_LAUNCHIMAGE_NAME = LaunchImage;
				GCC_PRECOMPILE_PREFIX_HEADER = YES;
				GCC_PREFIX_HEADER = "Week2 WebBrowser InClass Sp14/Week2 WebBrowser InClass Sp14-Prefix.pch";
				INFOPLIST_FILE = "Week2 WebBrowser InClass Sp14/Week2 WebBrowser InClass Sp14-Info.plist";
				PRODUCT_NAME = "$(TARGET_NAME)";
				WRAPPER_EXTENSION = app;
			};
			name = Release;
		};
		121E552D1889ECE60056EB97 /* Debug */ = {
			isa = XCBuildConfiguration;
			buildSettings = {
				ARCHS = "$(ARCHS_STANDARD_INCLUDING_64_BIT)";
				BUNDLE_LOADER = "$(BUILT_PRODUCTS_DIR)/Week2 WebBrowser InClass Sp14.app/Week2 WebBrowser InClass Sp14";
				FRAMEWORK_SEARCH_PATHS = (
					"$(SDKROOT)/Developer/Library/Frameworks",
					"$(inherited)",
					"$(DEVELOPER_FRAMEWORKS_DIR)",
				);
				GCC_PRECOMPILE_PREFIX_HEADER = YES;
				GCC_PREFIX_HEADER = "Week2 WebBrowser InClass Sp14/Week2 WebBrowser InClass Sp14-Prefix.pch";
				GCC_PREPROCESSOR_DEFINITIONS = (
					"DEBUG=1",
					"$(inherited)",
				);
				INFOPLIST_FILE = "Week2 WebBrowser InClass Sp14Tests/Week2 WebBrowser InClass Sp14Tests-Info.plist";
				PRODUCT_NAME = "$(TARGET_NAME)";
				TEST_HOST = "$(BUNDLE_LOADER)";
				WRAPPER_EXTENSION = xctest;
			};
			name = Debug;
		};
		121E552E1889ECE60056EB97 /* Release */ = {
			isa = XCBuildConfiguration;
			buildSettings = {
				ARCHS = "$(ARCHS_STANDARD_INCLUDING_64_BIT)";
				BUNDLE_LOADER = "$(BUILT_PRODUCTS_DIR)/Week2 WebBrowser InClass Sp14.app/Week2 WebBrowser InClass Sp14";
				FRAMEWORK_SEARCH_PATHS = (
					"$(SDKROOT)/Developer/Library/Frameworks",
					"$(inherited)",
					"$(DEVELOPER_FRAMEWORKS_DIR)",
				);
				GCC_PRECOMPILE_PREFIX_HEADER = YES;
				GCC_PREFIX_HEADER = "Week2 WebBrowser InClass Sp14/Week2 WebBrowser InClass Sp14-Prefix.pch";
				INFOPLIST_FILE = "Week2 WebBrowser InClass Sp14Tests/Week2 WebBrowser InClass Sp14Tests-Info.plist";
				PRODUCT_NAME = "$(TARGET_NAME)";
				TEST_HOST = "$(BUNDLE_LOADER)";
				WRAPPER_EXTENSION = xctest;
			};
			name = Release;
		};
/* End XCBuildConfiguration section */

/* Begin XCConfigurationList section */
		121E54F21889ECE60056EB97 /* Build configuration list for PBXProject "Week2 WebBrowser InClass Sp14" */ = {
			isa = XCConfigurationList;
			buildConfigurations = (
				121E55271889ECE60056EB97 /* Debug */,
				121E55281889ECE60056EB97 /* Release */,
			);
			defaultConfigurationIsVisible = 0;
			defaultConfigurationName = Release;
		};
		121E55291889ECE60056EB97 /* Build configuration list for PBXNativeTarget "Week2 WebBrowser InClass Sp14" */ = {
			isa = XCConfigurationList;
			buildConfigurations = (
				121E552A1889ECE60056EB97 /* Debug */,
				121E552B1889ECE60056EB97 /* Release */,
			);
			defaultConfigurationIsVisible = 0;
		};
		121E552C1889ECE60056EB97 /* Build configuration list for PBXNativeTarget "Week2 WebBrowser InClass Sp14Tests" */ = {
			isa = XCConfigurationList;
			buildConfigurations = (
				121E552D1889ECE60056EB97 /* Debug */,
				121E552E1889ECE60056EB97 /* Release */,
			);
			defaultConfigurationIsVisible = 0;
		};
/* End XCConfigurationList section */
	};
	rootObject = 121E54EF1889ECE60056EB97 /* Project object */;
}
